
Microsoft Visual Studio Solution File, Format Version 12.00
# Visual Studio Version 17
VisualStudioVersion = 17.11.35327.3
MinimumVisualStudioVersion = 10.0.40219.1
Project("{FAE04EC0-301F-11D3-BF4B-00C04F79EFBC}") = "Dreaw", "Dreaw\Dreaw.csproj", "{58130AE4-34C2-4194-AD0A-7C6ED18B35AB}"
EndProject
Global
	GlobalSection(SolutionConfigurationPlatforms) = preSolution
		Debug|Any CPU = Debug|Any CPU
		Release|Any CPU = Release|Any CPU
	EndGlobalSection
	GlobalSection(ProjectConfigurationPlatforms) = postSolution
		{58130AE4-34C2-4194-AD0A-7C6ED18B35AB}.Debug|Any CPU.ActiveCfg = Debug|Any CPU
		{58130AE4-34C2-4194-AD0A-7C6ED18B35AB}.Debug|Any CPU.Build.0 = Debug|Any CPU
		{58130AE4-34C2-4194-AD0A-7C6ED18B35AB}.Release|Any CPU.ActiveCfg = Release|Any CPU
		{58130AE4-34C2-4194-AD0A-7C6ED18B35AB}.Release|Any CPU.Build.0 = Release|Any CPU
	EndGlobalSection
	GlobalSection(SolutionProperties) = preSolution
		HideSolutionNode = FALSE
	EndGlobalSection
	GlobalSection(ExtensibilityGlobals) = postSolution
		SolutionGuid = {2E5FC38A-006D-4213-ADF6-17C92F79F952}
	EndGlobalSection
EndGlobal
